
Microsoft Visual Studio Solution File, Format Version 12.00
# Visual Studio Version 17
VisualStudioVersion = 17.11.35303.130
MinimumVisualStudioVersion = 10.0.40219.1
Project("{FAE04EC0-301F-11D3-BF4B-00C04F79EFBC}") = "IsTakipSistemiMvc2", "IsTakipSistemiMvc2\IsTakipSistemiMvc2.csproj", "{074577A1-AE6D-4F03-8390-548AD6CC0677}"
EndProject
Global
	GlobalSection(SolutionConfigurationPlatforms) = preSolution
		Debug|Any CPU = Debug|Any CPU
		Release|Any CPU = Release|Any CPU
	EndGlobalSection
	GlobalSection(ProjectConfigurationPlatforms) = postSolution
		{074577A1-AE6D-4F03-8390-548AD6CC0677}.Debug|Any CPU.ActiveCfg = Debug|Any CPU
		{074577A1-AE6D-4F03-8390-548AD6CC0677}.Debug|Any CPU.Build.0 = Debug|Any CPU
		{074577A1-AE6D-4F03-8390-548AD6CC0677}.Release|Any CPU.ActiveCfg = Release|Any CPU
		{074577A1-AE6D-4F03-8390-548AD6CC0677}.Release|Any CPU.Build.0 = Release|Any CPU
	EndGlobalSection
	GlobalSection(SolutionProperties) = preSolution
		HideSolutionNode = FALSE
	EndGlobalSection
	GlobalSection(ExtensibilityGlobals) = postSolution
		SolutionGuid = {8CDC1BD9-2BBE-4C16-92D7-11510EBF7A81}
	EndGlobalSection
EndGlobal
